
Microsoft Visual Studio Solution File, Format Version 12.00
# Visual Studio Version 17
VisualStudioVersion = 17.5.002.0
MinimumVisualStudioVersion = 10.0.40219.1
Project("{9A19103F-16F7-4668-BE54-9A1E7A4F7556}") = "SchoolManagement.MVC", "SchoolManagement.MVC.csproj", "{428A3F47-EA1F-462D-985B-547106D4EF30}"
EndProject
Global
	GlobalSection(SolutionConfigurationPlatforms) = preSolution
		Debug|Any CPU = Debug|Any CPU
		Release|Any CPU = Release|Any CPU
	EndGlobalSection
	GlobalSection(ProjectConfigurationPlatforms) = postSolution
		{428A3F47-EA1F-462D-985B-547106D4EF30}.Debug|Any CPU.ActiveCfg = Debug|Any CPU
		{428A3F47-EA1F-462D-985B-547106D4EF30}.Debug|Any CPU.Build.0 = Debug|Any CPU
		{428A3F47-EA1F-462D-985B-547106D4EF30}.Release|Any CPU.ActiveCfg = Release|Any CPU
		{428A3F47-EA1F-462D-985B-547106D4EF30}.Release|Any CPU.Build.0 = Release|Any CPU
	EndGlobalSection
	GlobalSection(SolutionProperties) = preSolution
		HideSolutionNode = FALSE
	EndGlobalSection
	GlobalSection(ExtensibilityGlobals) = postSolution
		SolutionGuid = {164A1DD6-91CE-4319-95ED-98A36FD129A4}
	EndGlobalSection
EndGlobal
